
Microsoft Visual Studio Solution File, Format Version 12.00
# Visual Studio Version 17
VisualStudioVersion = 17.6.33723.286
MinimumVisualStudioVersion = 10.0.40219.1
Project("{FAE04EC0-301F-11D3-BF4B-00C04F79EFBC}") = "project_1", "project_1\project_1.csproj", "{62B30F10-3B59-4CE7-9EBA-7AFB92C4CD40}"
EndProject
Global
	GlobalSection(SolutionConfigurationPlatforms) = preSolution
		Debug|Any CPU = Debug|Any CPU
		Release|Any CPU = Release|Any CPU
	EndGlobalSection
	GlobalSection(ProjectConfigurationPlatforms) = postSolution
		{62B30F10-3B59-4CE7-9EBA-7AFB92C4CD40}.Debug|Any CPU.ActiveCfg = Debug|Any CPU
		{62B30F10-3B59-4CE7-9EBA-7AFB92C4CD40}.Debug|Any CPU.Build.0 = Debug|Any CPU
		{62B30F10-3B59-4CE7-9EBA-7AFB92C4CD40}.Release|Any CPU.ActiveCfg = Release|Any CPU
		{62B30F10-3B59-4CE7-9EBA-7AFB92C4CD40}.Release|Any CPU.Build.0 = Release|Any CPU
	EndGlobalSection
	GlobalSection(SolutionProperties) = preSolution
		HideSolutionNode = FALSE
	EndGlobalSection
	GlobalSection(ExtensibilityGlobals) = postSolution
		SolutionGuid = {1095CDF9-6384-4AF5-8308-EB09C17C5F11}
	EndGlobalSection
EndGlobal
